{
  "name": "dmx4pi",
  "version": "1.0.1",
  "lockfileVersion": 3,
  "requires": true,
  "packages": {
    "": {
      "name": "dmx4pi",
      "version": "1.0.1",
      "hasInstallScript": true,
      "license": "MIT",
      "dependencies": {
        "json-gate": "^0.8.23",
        "nan": "^2.19.0"
      }
    },
    "node_modules/json-gate": {
      "version": "0.8.23",
      "resolved": "https://registry.npmjs.org/json-gate/-/json-gate-0.8.23.tgz",
      "integrity": "sha512-ppvNVXy4GFND8qv0kOoWt4jEmdLntPkOWToEgUA1tfOdFSjxAUaEhx0cLuNt7bcrXu5Pn9WxjwGvbGIjiyxrlg==",
      "engines": {
        "node": "*"
      }
    },
    "node_modules/nan": {
      "version": "2.19.0",
      "resolved": "https://registry.npmjs.org/nan/-/nan-2.19.0.tgz",
      "integrity": "sha512-nO1xXxfh/RWNxfd/XPfbIfFk5vgLsAxUR9y5O0cHMJu/AW9U95JLXqthYHjEp+8gQ5p96K9jUp8nbVOxCdRbtw=="
    }
  }
}
